
Microsoft Visual Studio Solution File, Format Version 12.00
# Visual Studio Version 17
VisualStudioVersion = 17.14.37111.16 d17.14
MinimumVisualStudioVersion = 10.0.40219.1
Project("{FAE04EC0-301F-11D3-BF4B-00C04F79EFBC}") = "BeautySalon.DAL", "BeautySalon.DAL\BeautySalon.DAL.csproj", "{46D282AB-F0A1-4C06-B1E3-6B2815D12DE4}"
EndProject
Project("{FAE04EC0-301F-11D3-BF4B-00C04F79EFBC}") = "BeautySalon.BLL", "BeautySalon.BLL\BeautySalon.BLL.csproj", "{A20A3D64-839D-46DC-BD7B-5D5BD599ACFD}"
EndProject
Project("{FAE04EC0-301F-11D3-BF4B-00C04F79EFBC}") = "BeautySalon.API", "BeautySalon.API\BeautySalon.API.csproj", "{19B2D56E-15B7-43A5-89BD-7968C000C86B}"
EndProject
Global
	GlobalSection(SolutionConfigurationPlatforms) = preSolution
		Debug|Any CPU = Debug|Any CPU
		Release|Any CPU = Release|Any CPU
	EndGlobalSection
	GlobalSection(ProjectConfigurationPlatforms) = postSolution
		{46D282AB-F0A1-4C06-B1E3-6B2815D12DE4}.Debug|Any CPU.ActiveCfg = Debug|Any CPU
		{46D282AB-F0A1-4C06-B1E3-6B2815D12DE4}.Debug|Any CPU.Build.0 = Debug|Any CPU
		{46D282AB-F0A1-4C06-B1E3-6B2815D12DE4}.Release|Any CPU.ActiveCfg = Release|Any CPU
		{46D282AB-F0A1-4C06-B1E3-6B2815D12DE4}.Release|Any CPU.Build.0 = Release|Any CPU
		{A20A3D64-839D-46DC-BD7B-5D5BD599ACFD}.Debug|Any CPU.ActiveCfg = Debug|Any CPU
		{A20A3D64-839D-46DC-BD7B-5D5BD599ACFD}.Debug|Any CPU.Build.0 = Debug|Any CPU
		{A20A3D64-839D-46DC-BD7B-5D5BD599ACFD}.Release|Any CPU.ActiveCfg = Release|Any CPU
		{A20A3D64-839D-46DC-BD7B-5D5BD599ACFD}.Release|Any CPU.Build.0 = Release|Any CPU
		{19B2D56E-15B7-43A5-89BD-7968C000C86B}.Debug|Any CPU.ActiveCfg = Debug|Any CPU
		{19B2D56E-15B7-43A5-89BD-7968C000C86B}.Debug|Any CPU.Build.0 = Debug|Any CPU
		{19B2D56E-15B7-43A5-89BD-7968C000C86B}.Release|Any CPU.ActiveCfg = Release|Any CPU
		{19B2D56E-15B7-43A5-89BD-7968C000C86B}.Release|Any CPU.Build.0 = Release|Any CPU
	EndGlobalSection
	GlobalSection(SolutionProperties) = preSolution
		HideSolutionNode = FALSE
	EndGlobalSection
	GlobalSection(ExtensibilityGlobals) = postSolution
		SolutionGuid = {E564BDA7-434F-4A67-9E8B-53D89EA2ED53}
	EndGlobalSection
EndGlobal
